// !$*UTF8*$!
{
	archiveVersion = 1;
	classes = {
	};
	objectVersion = 77;
	objects = {

/* Begin PBXContainerItemProxy section */
		925CF0EC2EEDBD5100238B7D /* PBXContainerItemProxy */ = {
			isa = PBXContainerItemProxy;
			containerPortal = 925CF0D62EEDBD5000238B7D /* Project object */;
			proxyType = 1;
			remoteGlobalIDString = 925CF0DD2EEDBD5000238B7D;
			remoteInfo = pinpad;
		};
		925CF0F62EEDBD5100238B7D /* PBXContainerItemProxy */ = {
			isa = PBXContainerItemProxy;
			containerPortal = 925CF0D62EEDBD5000238B7D /* Project object */;
			proxyType = 1;
			remoteGlobalIDString = 925CF0DD2EEDBD5000238B7D;
			remoteInfo = pinpad;
		};
/* End PBXContainerItemProxy section */

/* Begin PBXFileReference section */
		925CF0DE2EEDBD5000238B7D /* pinpad.app */ = {isa = PBXFileReference; explicitFileType = wrapper.application; includeInIndex = 0; path = pinpad.app; sourceTree = BUILT_PRODUCTS_DIR; };
		925CF0EB2EEDBD5100238B7D /* pinpadTests.xctest */ = {isa = PBXFileReference; explicitFileType = wrapper.cfbundle; includeInIndex = 0; path = pinpadTests.xctest; sourceTree = BUILT_PRODUCTS_DIR; };
		925CF0F52EEDBD5100238B7D /* pinpadUITests.xctest */ = {isa = PBXFileReference; explicitFileType = wrapper.cfbundle; includeInIndex = 0; path = pinpadUITests.xctest; sourceTree = BUILT_PRODUCTS_DIR; };
/* End PBXFileReference section */

/* Begin PBXFileSystemSynchronizedRootGroup section */
		925CF0E02EEDBD5000238B7D /* pinpad */ = {
			isa = PBXFileSystemSynchronizedRootGroup;
			path = pinpad;
			sourceTree = "<group>";
		};
		925CF0EE2EEDBD5100238B7D /* pinpadTests */ = {
			isa = PBXFileSystemSynchronizedRootGroup;
			path = pinpadTests;
			sourceTree = "<group>";
		};
		925CF0F82EEDBD5100238B7D /* pinpadUITests */ = {
			isa = PBXFileSystemSynchronizedRootGroup;
			path = pinpadUITests;
			sourceTree = "<group>";
		};
/* End PBXFileSystemSynchronizedRootGroup section */

/* Begin PBXFrameworksBuildPhase section */
		925CF0DB2EEDBD5000238B7D /* Frameworks */ = {
			isa = PBXFrameworksBuildPhase;
			buildActionMask = 2147483647;
			files = (
			);
			runOnlyForDeploymentPostprocessing = 0;
		};
		925CF0E82EEDBD5100238B7D /* Frameworks */ = {
			isa = PBXFrameworksBuildPhase;
			buildActionMask = 2147483647;
			files = (
			);
			runOnlyForDeploymentPostprocessing = 0;
		};
		925CF0F22EEDBD5100238B7D /* Frameworks */ = {
			isa = PBXFrameworksBuildPhase;
			buildActionMask = 2147483647;
			files = (
			);
			runOnlyForDeploymentPostprocessing = 0;
		};
/* End PBXFrameworksBuildPhase section */

/* Begin PBXGroup section */
		925CF0D52EEDBD5000238B7D = {
			isa = PBXGroup;
			children = (
				925CF0E02EEDBD5000238B7D /* pinpad */,
				925CF0EE2EEDBD5100238B7D /* pinpadTests */,
				925CF0F82EEDBD5100238B7D /* pinpadUITests */,
				925CF0DF2EEDBD5000238B7D /* Products */,
			);
			sourceTree = "<group>";
		};
		925CF0DF2EEDBD5000238B7D /* Products */ = {
			isa = PBXGroup;
			children = (
				925CF0DE2EEDBD5000238B7D /* pinpad.app */,
				925CF0EB2EEDBD5100238B7D /* pinpadTests.xctest */,
				925CF0F52EEDBD5100238B7D /* pinpadUITests.xctest */,
			);
			name = Products;
			sourceTree = "<group>";
		};
/* End PBXGroup section */

/* Begin PBXNativeTarget section */
		925CF0DD2EEDBD5000238B7D /* pinpad */ = {
			isa = PBXNativeTarget;
			buildConfigurationList = 925CF0FF2EEDBD5100238B7D /* Build configuration list for PBXNativeTarget "pinpad" */;
			buildPhases = (
				925CF0DA2EEDBD5000238B7D /* Sources */,
				925CF0DB2EEDBD5000238B7D /* Frameworks */,
				925CF0DC2EEDBD5000238B7D /* Resources */,
			);
			buildRules = (
			);
			dependencies = (
			);
			fileSystemSynchronizedGroups = (
				925CF0E02EEDBD5000238B7D /* pinpad */,
			);
			name = pinpad;
			packageProductDependencies = (
			);
			productName = pinpad;
			productReference = 925CF0DE2EEDBD5000238B7D /* pinpad.app */;
			productType = "com.apple.product-type.application";
		};
		925CF0EA2EEDBD5100238B7D /* pinpadTests */ = {
			isa = PBXNativeTarget;
			buildConfigurationList = 925CF1022EEDBD5100238B7D /* Build configuration list for PBXNativeTarget "pinpadTests" */;
			buildPhases = (
				925CF0E72EEDBD5100238B7D /* Sources */,
				925CF0E82EEDBD5100238B7D /* Frameworks */,
				925CF0E92EEDBD5100238B7D /* Resources */,
			);
			buildRules = (
			);
			dependencies = (
				925CF0ED2EEDBD5100238B7D /* PBXTargetDependency */,
			);
			fileSystemSynchronizedGroups = (
				925CF0EE2EEDBD5100238B7D /* pinpadTests */,
			);
			name = pinpadTests;
			packageProductDependencies = (
			);
			productName = pinpadTests;
			productReference = 925CF0EB2EEDBD5100238B7D /* pinpadTests.xctest */;
			productType = "com.apple.product-type.bundle.unit-test";
		};
		925CF0F42EEDBD5100238B7D /* pinpadUITests */ = {
			isa = PBXNativeTarget;
			buildConfigurationList = 925CF1052EEDBD5100238B7D /* Build configuration list for PBXNativeTarget "pinpadUITests" */;
			buildPhases = (
				925CF0F12EEDBD5100238B7D /* Sources */,
				925CF0F22EEDBD5100238B7D /* Frameworks */,
				925CF0F32EEDBD5100238B7D /* Resources */,
			);
			buildRules = (
			);
			dependencies = (
				925CF0F72EEDBD5100238B7D /* PBXTargetDependency */,
			);
			fileSystemSynchronizedGroups = (
				925CF0F82EEDBD5100238B7D /* pinpadUITests */,
			);
			name = pinpadUITests;
			packageProductDependencies = (
			);
			productName = pinpadUITests;
			productReference = 925CF0F52EEDBD5100238B7D /* pinpadUITests.xctest */;
			productType = "com.apple.product-type.bundle.ui-testing";
		};
/* End PBXNativeTarget section */

/* Begin PBXProject section */
		925CF0D62EEDBD5000238B7D /* Project object */ = {
			isa = PBXProject;
			attributes = {
				BuildIndependentTargetsInParallel = 1;
				LastSwiftUpdateCheck = 1640;
				LastUpgradeCheck = 1640;
				TargetAttributes = {
					925CF0DD2EEDBD5000238B7D = {
						CreatedOnToolsVersion = 16.4;
					};
					925CF0EA2EEDBD5100238B7D = {
						CreatedOnToolsVersion = 16.4;
						TestTargetID = 925CF0DD2EEDBD5000238B7D;
					};
					925CF0F42EEDBD5100238B7D = {
						CreatedOnToolsVersion = 16.4;
						TestTargetID = 925CF0DD2EEDBD5000238B7D;
					};
				};
			};
			buildConfigurationList = 925CF0D92EEDBD5000238B7D /* Build configuration list for PBXProject "pinpad" */;
			developmentRegion = en;
			hasScannedForEncodings = 0;
			knownRegions = (
				en,
				Base,
			);
			mainGroup = 925CF0D52EEDBD5000238B7D;
			minimizedProjectReferenceProxies = 1;
			preferredProjectObjectVersion = 77;
			productRefGroup = 925CF0DF2EEDBD5000238B7D /* Products */;
			projectDirPath = "";
			projectRoot = "";
			targets = (
				925CF0DD2EEDBD5000238B7D /* pinpad */,
				925CF0EA2EEDBD5100238B7D /* pinpadTests */,
				925CF0F42EEDBD5100238B7D /* pinpadUITests */,
			);
		};
/* End PBXProject section */

/* Begin PBXResourcesBuildPhase section */
		925CF0DC2EEDBD5000238B7D /* Resources */ = {
			isa = PBXResourcesBuildPhase;
			buildActionMask = 2147483647;
			files = (
			);
			runOnlyForDeploymentPostprocessing = 0;
		};
		925CF0E92EEDBD5100238B7D /* Resources */ = {
			isa = PBXResourcesBuildPhase;
			buildActionMask = 2147483647;
			files = (
			);
			runOnlyForDeploymentPostprocessing = 0;
		};
		925CF0F32EEDBD5100238B7D /* Resources */ = {
			isa = PBXResourcesBuildPhase;
			buildActionMask = 2147483647;
			files = (
			);
			runOnlyForDeploymentPostprocessing = 0;
		};
/* End PBXResourcesBuildPhase section */

/* Begin PBXSourcesBuildPhase section */
		925CF0DA2EEDBD5000238B7D /* Sources */ = {
			isa = PBXSourcesBuildPhase;
			buildActionMask = 2147483647;
			files = (
			);
			runOnlyForDeploymentPostprocessing = 0;
		};
		925CF0E72EEDBD5100238B7D /* Sources */ = {
			isa = PBXSourcesBuildPhase;
			buildActionMask = 2147483647;
			files = (
			);
			runOnlyForDeploymentPostprocessing = 0;
		};
		925CF0F12EEDBD5100238B7D /* Sources */ = {
			isa = PBXSourcesBuildPhase;
			buildActionMask = 2147483647;
			files = (
			);
			runOnlyForDeploymentPostprocessing = 0;
		};
/* End PBXSourcesBuildPhase section */

/* Begin PBXTargetDependency section */
		925CF0ED2EEDBD5100238B7D /* PBXTargetDependency */ = {
			isa = PBXTargetDependency;
			target = 925CF0DD2EEDBD5000238B7D /* pinpad */;
			targetProxy = 925CF0EC2EEDBD5100238B7D /* PBXContainerItemProxy */;
		};
		925CF0F72EEDBD5100238B7D /* PBXTargetDependency */ = {
			isa = PBXTargetDependency;
			target = 925CF0DD2EEDBD5000238B7D /* pinpad */;
			targetProxy = 925CF0F62EEDBD5100238B7D /* PBXContainerItemProxy */;
		};
/* End PBXTargetDependency section */

/* Begin XCBuildConfiguration section */
		925CF0FD2EEDBD5100238B7D /* Debug */ = {
			isa = XCBuildConfiguration;
			buildSettings = {
				ALWAYS_SEARCH_USER_PATHS = NO;
				ASSETCATALOG_COMPILER_GENERATE_SWIFT_ASSET_SYMBOL_EXTENSIONS = YES;
				CLANG_ANALYZER_NONNULL = YES;
				CLANG_ANALYZER_NUMBER_OBJECT_CONVERSION = YES_AGGRESSIVE;
				CLANG_CXX_LANGUAGE_STANDARD = "gnu++20";
				CLANG_ENABLE_MODULES = YES;
				CLANG_ENABLE_OBJC_ARC = YES;
				CLANG_ENABLE_OBJC_WEAK = YES;
				CLANG_WARN_BLOCK_CAPTURE_AUTORELEASING = YES;
				CLANG_WARN_BOOL_CONVERSION = YES;
				CLANG_WARN_COMMA = YES;
				CLANG_WARN_CONSTANT_CONVERSION = YES;
				CLANG_WARN_DEPRECATED_OBJC_IMPLEMENTATIONS = YES;
				CLANG_WARN_DIRECT_OBJC_ISA_USAGE = YES_ERROR;
				CLANG_WARN_DOCUMENTATION_COMMENTS = YES;
				CLANG_WARN_EMPTY_BODY = YES;
				CLANG_WARN_ENUM_CONVERSION = YES;
				CLANG_WARN_INFINITE_RECURSION = YES;
				CLANG_WARN_INT_CONVERSION = YES;
				CLANG_WARN_NON_LITERAL_NULL_CONVERSION = YES;
				CLANG_WARN_OBJC_IMPLICIT_RETAIN_SELF = YES;
				CLANG_WARN_OBJC_LITERAL_CONVERSION = YES;
				CLANG_WARN_OBJC_ROOT_CLASS = YES_ERROR;
				CLANG_WARN_QUOTED_INCLUDE_IN_FRAMEWORK_HEADER = YES;
				CLANG_WARN_RANGE_LOOP_ANALYSIS = YES;
				CLANG_WARN_STRICT_PROTOTYPES = YES;
				CLANG_WARN_SUSPICIOUS_MOVE = YES;
				CLANG_WARN_UNGUARDED_AVAILABILITY = YES_AGGRESSIVE;
				CLANG_WARN_UNREACHABLE_CODE = YES;
				CLANG_WARN__DUPLICATE_METHOD_MATCH = YES;
				COPY_PHASE_STRIP = NO;
				DEBUG_INFORMATION_FORMAT = dwarf;
				ENABLE_STRICT_OBJC_MSGSEND = YES;
				ENABLE_TESTABILITY = YES;
				ENABLE_USER_SCRIPT_SANDBOXING = YES;
				GCC_C_LANGUAGE_STANDARD = gnu17;
				GCC_DYNAMIC_NO_PIC = NO;
				GCC_NO_COMMON_BLOCKS = YES;
				GCC_OPTIMIZATION_LEVEL = 0;
				GCC_PREPROCESSOR_DEFINITIONS = (
					"DEBUG=1",
					"$(inherited)",
				);
				GCC_WARN_64_TO_32_BIT_CONVERSION = YES;
				GCC_WARN_ABOUT_RETURN_TYPE = YES_ERROR;
				GCC_WARN_UNDECLARED_SELECTOR = YES;
				GCC_WARN_UNINITIALIZED_AUTOS = YES_AGGRESSIVE;
				GCC_WARN_UNUSED_FUNCTION = YES;
				GCC_WARN_UNUSED_VARIABLE = YES;
				IPHONEOS_DEPLOYMENT_TARGET = 18.5;
				LOCALIZATION_PREFERS_STRING_CATALOGS = YES;
				MTL_ENABLE_DEBUG_INFO = INCLUDE_SOURCE;
				MTL_FAST_MATH = YES;
				ONLY_ACTIVE_ARCH = YES;
				SDKROOT = iphoneos;
				SWIFT_ACTIVE_COMPILATION_CONDITIONS = "DEBUG $(inherited)";
				SWIFT_OPTIMIZATION_LEVEL = "-Onone";
			};
			name = Debug;
		};
		925CF0FE2EEDBD5100238B7D /* Release */ = {
			isa = XCBuildConfiguration;
			buildSettings = {
				ALWAYS_SEARCH_USER_PATHS = NO;
				ASSETCATALOG_COMPILER_GENERATE_SWIFT_ASSET_SYMBOL_EXTENSIONS = YES;
				CLANG_ANALYZER_NONNULL = YES;
				CLANG_ANALYZER_NUMBER_OBJECT_CONVERSION = YES_AGGRESSIVE;
				CLANG_CXX_LANGUAGE_STANDARD = "gnu++20";
				CLANG_ENABLE_MODULES = YES;
				CLANG_ENABLE_OBJC_ARC = YES;
				CLANG_ENABLE_OBJC_WEAK = YES;
				CLANG_WARN_BLOCK_CAPTURE_AUTORELEASING = YES;
				CLANG_WARN_BOOL_CONVERSION = YES;
				CLANG_WARN_COMMA = YES;
				CLANG_WARN_CONSTANT_CONVERSION = YES;
				CLANG_WARN_DEPRECATED_OBJC_IMPLEMENTATIONS = YES;
				CLANG_WARN_DIRECT_OBJC_ISA_USAGE = YES_ERROR;
				CLANG_WARN_DOCUMENTATION_COMMENTS = YES;
				CLANG_WARN_EMPTY_BODY = YES;
				CLANG_WARN_ENUM_CONVERSION = YES;
				CLANG_WARN_INFINITE_RECURSION = YES;
				CLANG_WARN_INT_CONVERSION = YES;
				CLANG_WARN_NON_LITERAL_NULL_CONVERSION = YES;
				CLANG_WARN_OBJC_IMPLICIT_RETAIN_SELF = YES;
				CLANG_WARN_OBJC_LITERAL_CONVERSION = YES;
				CLANG_WARN_OBJC_ROOT_CLASS = YES_ERROR;
				CLANG_WARN_QUOTED_INCLUDE_IN_FRAMEWORK_HEADER = YES;
				CLANG_WARN_RANGE_LOOP_ANALYSIS = YES;
				CLANG_WARN_STRICT_PROTOTYPES = YES;
				CLANG_WARN_SUSPICIOUS_MOVE = YES;
				CLANG_WARN_UNGUARDED_AVAILABILITY = YES_AGGRESSIVE;
				CLANG_WARN_UNREACHABLE_CODE = YES;
				CLANG_WARN__DUPLICATE_METHOD_MATCH = YES;
				COPY_PHASE_STRIP = NO;
				DEBUG_INFORMATION_FORMAT = "dwarf-with-dsym";
				ENABLE_NS_ASSERTIONS = NO;
				ENABLE_STRICT_OBJC_MSGSEND = YES;
				ENABLE_USER_SCRIPT_SANDBOXING = YES;
				GCC_C_LANGUAGE_STANDARD = gnu17;
				GCC_NO_COMMON_BLOCKS = YES;
				GCC_WARN_64_TO_32_BIT_CONVERSION = YES;
				GCC_WARN_ABOUT_RETURN_TYPE = YES_ERROR;
				GCC_WARN_UNDECLARED_SELECTOR = YES;
				GCC_WARN_UNINITIALIZED_AUTOS = YES_AGGRESSIVE;
				GCC_WARN_UNUSED_FUNCTION = YES;
				GCC_WARN_UNUSED_VARIABLE = YES;
				IPHONEOS_DEPLOYMENT_TARGET = 18.5;
				LOCALIZATION_PREFERS_STRING_CATALOGS = YES;
				MTL_ENABLE_DEBUG_INFO = NO;
				MTL_FAST_MATH = YES;
				SDKROOT = iphoneos;
				SWIFT_COMPILATION_MODE = wholemodule;
				VALIDATE_PRODUCT = YES;
			};
			name = Release;
		};
		925CF1002EEDBD5100238B7D /* Debug */ = {
			isa = XCBuildConfiguration;
			buildSettings = {
				ASSETCATALOG_COMPILER_APPICON_NAME = AppIcon;
				ASSETCATALOG_COMPILER_GLOBAL_ACCENT_COLOR_NAME = AccentColor;
				CODE_SIGN_STYLE = Automatic;
				CURRENT_PROJECT_VERSION = 1;
				ENABLE_PREVIEWS = YES;
				GENERATE_INFOPLIST_FILE = YES;
				INFOPLIST_KEY_UIApplicationSceneManifest_Generation = YES;
				INFOPLIST_KEY_UIApplicationSupportsIndirectInputEvents = YES;
				INFOPLIST_KEY_UILaunchScreen_Generation = YES;
				INFOPLIST_KEY_UISupportedInterfaceOrientations_iPad = "UIInterfaceOrientationPortrait UIInterfaceOrientationPortraitUpsideDown UIInterfaceOrientationLandscapeLeft UIInterfaceOrientationLandscapeRight";
				INFOPLIST_KEY_UISupportedInterfaceOrientations_iPhone = "UIInterfaceOrientationPortrait UIInterfaceOrientationLandscapeLeft UIInterfaceOrientationLandscapeRight";
				LD_RUNPATH_SEARCH_PATHS = (
					"$(inherited)",
					"@executable_path/Frameworks",
				);
				MARKETING_VERSION = 1.0;
				PRODUCT_BUNDLE_IDENTIFIER = com.Ryzan.pinpad;
				PRODUCT_NAME = "$(TARGET_NAME)";
				SWIFT_EMIT_LOC_STRINGS = YES;
				SWIFT_VERSION = 5.0;
				TARGETED_DEVICE_FAMILY = "1,2";
			};
			name = Debug;
		};
		925CF1012EEDBD5100238B7D /* Release */ = {
			isa = XCBuildConfiguration;
			buildSettings = {
				ASSETCATALOG_COMPILER_APPICON_NAME = AppIcon;
				ASSETCATALOG_COMPILER_GLOBAL_ACCENT_COLOR_NAME = AccentColor;
				CODE_SIGN_STYLE = Automatic;
				CURRENT_PROJECT_VERSION = 1;
				ENABLE_PREVIEWS = YES;
				GENERATE_INFOPLIST_FILE = YES;
				INFOPLIST_KEY_UIApplicationSceneManifest_Generation = YES;
				INFOPLIST_KEY_UIApplicationSupportsIndirectInputEvents = YES;
				INFOPLIST_KEY_UILaunchScreen_Generation = YES;
				INFOPLIST_KEY_UISupportedInterfaceOrientations_iPad = "UIInterfaceOrientationPortrait UIInterfaceOrientationPortraitUpsideDown UIInterfaceOrientationLandscapeLeft UIInterfaceOrientationLandscapeRight";
				INFOPLIST_KEY_UISupportedInterfaceOrientations_iPhone = "UIInterfaceOrientationPortrait UIInterfaceOrientationLandscapeLeft UIInterfaceOrientationLandscapeRight";
				LD_RUNPATH_SEARCH_PATHS = (
					"$(inherited)",
					"@executable_path/Frameworks",
				);
				MARKETING_VERSION = 1.0;
				PRODUCT_BUNDLE_IDENTIFIER = com.Ryzan.pinpad;
				PRODUCT_NAME = "$(TARGET_NAME)";
				SWIFT_EMIT_LOC_STRINGS = YES;
				SWIFT_VERSION = 5.0;
				TARGETED_DEVICE_FAMILY = "1,2";
			};
			name = Release;
		};
		925CF1032EEDBD5100238B7D /* Debug */ = {
			isa = XCBuildConfiguration;
			buildSettings = {
				BUNDLE_LOADER = "$(TEST_HOST)";
				CODE_SIGN_STYLE = Automatic;
				CURRENT_PROJECT_VERSION = 1;
				GENERATE_INFOPLIST_FILE = YES;
				IPHONEOS_DEPLOYMENT_TARGET = 18.5;
				MARKETING_VERSION = 1.0;
				PRODUCT_BUNDLE_IDENTIFIER = com.Ryzan.pinpadTests;
				PRODUCT_NAME = "$(TARGET_NAME)";
				SWIFT_EMIT_LOC_STRINGS = NO;
				SWIFT_VERSION = 5.0;
				TARGETED_DEVICE_FAMILY = "1,2";
				TEST_HOST = "$(BUILT_PRODUCTS_DIR)/pinpad.app/$(BUNDLE_EXECUTABLE_FOLDER_PATH)/pinpad";
			};
			name = Debug;
		};
		925CF1042EEDBD5100238B7D /* Release */ = {
			isa = XCBuildConfiguration;
			buildSettings = {
				BUNDLE_LOADER = "$(TEST_HOST)";
				CODE_SIGN_STYLE = Automatic;
				CURRENT_PROJECT_VERSION = 1;
				GENERATE_INFOPLIST_FILE = YES;
				IPHONEOS_DEPLOYMENT_TARGET = 18.5;
				MARKETING_VERSION = 1.0;
				PRODUCT_BUNDLE_IDENTIFIER = com.Ryzan.pinpadTests;
				PRODUCT_NAME = "$(TARGET_NAME)";
				SWIFT_EMIT_LOC_STRINGS = NO;
				SWIFT_VERSION = 5.0;
				TARGETED_DEVICE_FAMILY = "1,2";
				TEST_HOST = "$(BUILT_PRODUCTS_DIR)/pinpad.app/$(BUNDLE_EXECUTABLE_FOLDER_PATH)/pinpad";
			};
			name = Release;
		};
		925CF1062EEDBD5100238B7D /* Debug */ = {
			isa = XCBuildConfiguration;
			buildSettings = {
				CODE_SIGN_STYLE = Automatic;
				CURRENT_PROJECT_VERSION = 1;
				GENERATE_INFOPLIST_FILE = YES;
				MARKETING_VERSION = 1.0;
				PRODUCT_BUNDLE_IDENTIFIER = com.Ryzan.pinpadUITests;
				PRODUCT_NAME = "$(TARGET_NAME)";
				SWIFT_EMIT_LOC_STRINGS = NO;
				SWIFT_VERSION = 5.0;
				TARGETED_DEVICE_FAMILY = "1,2";
				TEST_TARGET_NAME = pinpad;
			};
			name = Debug;
		};
		925CF1072EEDBD5100238B7D /* Release */ = {
			isa = XCBuildConfiguration;
			buildSettings = {
				CODE_SIGN_STYLE = Automatic;
				CURRENT_PROJECT_VERSION = 1;
				GENERATE_INFOPLIST_FILE = YES;
				MARKETING_VERSION = 1.0;
				PRODUCT_BUNDLE_IDENTIFIER = com.Ryzan.pinpadUITests;
				PRODUCT_NAME = "$(TARGET_NAME)";
				SWIFT_EMIT_LOC_STRINGS = NO;
				SWIFT_VERSION = 5.0;
				TARGETED_DEVICE_FAMILY = "1,2";
				TEST_TARGET_NAME = pinpad;
			};
			name = Release;
		};
/* End XCBuildConfiguration section */

/* Begin XCConfigurationList section */
		925CF0D92EEDBD5000238B7D /* Build configuration list for PBXProject "pinpad" */ = {
			isa = XCConfigurationList;
			buildConfigurations = (
				925CF0FD2EEDBD5100238B7D /* Debug */,
				925CF0FE2EEDBD5100238B7D /* Release */,
			);
			defaultConfigurationIsVisible = 0;
			defaultConfigurationName = Release;
		};
		925CF0FF2EEDBD5100238B7D /* Build configuration list for PBXNativeTarget "pinpad" */ = {
			isa = XCConfigurationList;
			buildConfigurations = (
				925CF1002EEDBD5100238B7D /* Debug */,
				925CF1012EEDBD5100238B7D /* Release */,
			);
			defaultConfigurationIsVisible = 0;
			defaultConfigurationName = Release;
		};
		925CF1022EEDBD5100238B7D /* Build configuration list for PBXNativeTarget "pinpadTests" */ = {
			isa = XCConfigurationList;
			buildConfigurations = (
				925CF1032EEDBD5100238B7D /* Debug */,
				925CF1042EEDBD5100238B7D /* Release */,
			);
			defaultConfigurationIsVisible = 0;
			defaultConfigurationName = Release;
		};
		925CF1052EEDBD5100238B7D /* Build configuration list for PBXNativeTarget "pinpadUITests" */ = {
			isa = XCConfigurationList;
			buildConfigurations = (
				925CF1062EEDBD5100238B7D /* Debug */,
				925CF1072EEDBD5100238B7D /* Release */,
			);
			defaultConfigurationIsVisible = 0;
			defaultConfigurationName = Release;
		};
/* End XCConfigurationList section */
	};
	rootObject = 925CF0D62EEDBD5000238B7D /* Project object */;
}
